# THIS IS AN AUTOGENERATED FILE. DO NOT EDIT THIS FILE DIRECTLY.
# yarn lockfile v1


"@snyk/gemfile@^1.2.0":
  version "1.2.0"
  resolved "http://artifactory.dev.snyk.io/artifactory/api/npm/npm-deps-test/@snyk/gemfile/-/@snyk/gemfile-1.2.0.tgz#18b2bed36a4880b2dc07d7315c8db6d86e8de0d4"
  integrity sha1-GLK+02pIgLLcB9cxXI222G6N4NQ=

lodash@4.17.12:
  version "4.17.12"
  resolved "http://artifactory.dev.snyk.io/artifactory/api/npm/npm-deps-test/lodash/lodash-4.17.12.tgz#fb82a8849d28e5f0f51e9ffcfa1725658ab9d55d"
  integrity sha1-+4KohJ0o5fD1Hp/8+hclZYq51V0=

ms@1.0.0:
  version "1.0.0"
  resolved "http://artifactory.dev.snyk.io/artifactory/api/npm/npm-deps-test/ms/-/ms-1.0.0.tgz#815077218b8d71a6b180ecb49594e56541c584d4"
  integrity sha1-gVB3IYuNcaaxgOy0lZTlZUHFhNQ=
